github.com/davecgh/go-spew v1.1.1 h1:vj9j/u1bqnvCEfJOwUhtlOARqs3+rkHYY13jYWTU97c=
github.com/pmezard/go-difflib v1.0.0 h1:4DBwDE0NGyQoBHbLQYPwSUPoCMWR5BEzIk/f1lZbAQM=
github.com/ralvescosta/dotenv v1.0.4 h1:qpOXKHJNHxqoBeKDBJpT1v9VZEktAw+9XWNodtDWQaI=
github.com/ralvescosta/dotenv v1.0.4/go.mod h1:h+DQxOpcEFcIL0P9I/iINKk0RPgEMaMBtVdkNBxb4Vk=
github.com/ralvescosta/gokit/configs v1.5.0 h1:SSqAn/jXKTPhp7EV1mzixj3lOSm2iIF+03H5m5Kwmmc=
github.com/ralvescosta/gokit/configs v1.5.0/go.mod h1:1CxIVDt4Jo0jYD05MeyxEOE2HuXpkHvdNzDGmRBBd3I=
github.com/stretchr/testify v1.8.2 h1:+h33VjcLVPDHtOdpUCuF+7gSuG3yGIftsP1YvFihtJ8=
gopkg.in/yaml.v3 v3.0.1 h1:fxVm/GzAzEWqLHuvctI91KS9hhNmmWOoWu0XTYJS7CA=
